Microsoft Visual Studio Solution File, Format Version 12.00
# Visual Studio 2012
Project("{FAE04EC0-301F-11D3-BF4B-00C04F79EFBC}") = "Increment Clicker", "Increment Clicker.csproj", "{DB56ED73-FEEA-4E40-800B-E1F69FC6D232}"
EndProject
Global
	GlobalSection(SolutionConfigurationPlatforms) = preSolution
	Debug|Any CPU = Debug|Any CPU
	ExportDebug|Any CPU = ExportDebug|Any CPU
	ExportRelease|Any CPU = ExportRelease|Any CPU
	EndGlobalSection
	GlobalSection(ProjectConfigurationPlatforms) = postSolution
		{DB56ED73-FEEA-4E40-800B-E1F69FC6D232}.Debug|Any CPU.ActiveCfg = Debug|Any CPU
		{DB56ED73-FEEA-4E40-800B-E1F69FC6D232}.Debug|Any CPU.Build.0 = Debug|Any CPU
		{DB56ED73-FEEA-4E40-800B-E1F69FC6D232}.ExportDebug|Any CPU.ActiveCfg = ExportDebug|Any CPU
		{DB56ED73-FEEA-4E40-800B-E1F69FC6D232}.ExportDebug|Any CPU.Build.0 = ExportDebug|Any CPU
		{DB56ED73-FEEA-4E40-800B-E1F69FC6D232}.ExportRelease|Any CPU.ActiveCfg = ExportRelease|Any CPU
		{DB56ED73-FEEA-4E40-800B-E1F69FC6D232}.ExportRelease|Any CPU.Build.0 = ExportRelease|Any CPU
	EndGlobalSection
EndGlobal
